// !$*UTF8*$!
{
	archiveVersion = 1;
	classes = {
	};
	objectVersion = 51;
	objects = {

/* Begin PBXBuildFile section */
		6A83E12DE23EC10BD0FF28B6 /* Pods_DailyNews.framework in Frameworks */ = {isa = PBXBuildFile; fileRef = 86164F50614177F03DA396DF /* Pods_DailyNews.framework */; };
		D49253E5280AF0BD00E98E9F /* AppDelegate.swift in Sources */ = {isa = PBXBuildFile; fileRef = D49253E4280AF0BD00E98E9F /* AppDelegate.swift */; };
		D49253EE280AF0CA00E98E9F /* Assets.xcassets in Resources */ = {isa = PBXBuildFile; fileRef = D49253ED280AF0CA00E98E9F /* Assets.xcassets */; };
		D49253F1280AF0CA00E98E9F /* LaunchScreen.storyboard in Resources */ = {isa = PBXBuildFile; fileRef = D49253EF280AF0CA00E98E9F /* LaunchScreen.storyboard */; };
		D49253FC280AF12400E98E9F /* SignUpViewController.swift in Sources */ = {isa = PBXBuildFile; fileRef = D49253FA280AF12400E98E9F /* SignUpViewController.swift */; };
		D49253FD280AF12400E98E9F /* SignUpViewController.xib in Resources */ = {isa = PBXBuildFile; fileRef = D49253FB280AF12400E98E9F /* SignUpViewController.xib */; };
		D4925404280AF40800E98E9F /* MainTBC.swift in Sources */ = {isa = PBXBuildFile; fileRef = D4925403280AF40800E98E9F /* MainTBC.swift */; };
		D4925409280AF45500E98E9F /* HomeViewController.swift in Sources */ = {isa = PBXBuildFile; fileRef = D4925407280AF45500E98E9F /* HomeViewController.swift */; };
		D492540A280AF45500E98E9F /* HomeViewController.xib in Resources */ = {isa = PBXBuildFile; fileRef = D4925408280AF45500E98E9F /* HomeViewController.xib */; };
		D492540E280AF46F00E98E9F /* SearchViewController.swift in Sources */ = {isa = PBXBuildFile; fileRef = D492540C280AF46F00E98E9F /* SearchViewController.swift */; };
		D492540F280AF46F00E98E9F /* SearchViewController.xib in Resources */ = {isa = PBXBuildFile; fileRef = D492540D280AF46F00E98E9F /* SearchViewController.xib */; };
		D4925413280AF48A00E98E9F /* BookmarkViewController.swift in Sources */ = {isa = PBXBuildFile; fileRef = D4925411280AF48A00E98E9F /* BookmarkViewController.swift */; };
		D4925414280AF48A00E98E9F /* BookmarkViewController.xib in Resources */ = {isa = PBXBuildFile; fileRef = D4925412280AF48A00E98E9F /* BookmarkViewController.xib */; };
		D4925418280AF49B00E98E9F /* SettingsViewController.swift in Sources */ = {isa = PBXBuildFile; fileRef = D4925416280AF49B00E98E9F /* SettingsViewController.swift */; };
		D4925419280AF49B00E98E9F /* SettingsViewController.xib in Resources */ = {isa = PBXBuildFile; fileRef = D4925417280AF49B00E98E9F /* SettingsViewController.xib */; };
		D492541F280D25D000E98E9F /* SignInViewController.swift in Sources */ = {isa = PBXBuildFile; fileRef = D492541D280D25D000E98E9F /* SignInViewController.swift */; };
		D4925420280D25D000E98E9F /* SignInViewController.xib in Resources */ = {isa = PBXBuildFile; fileRef = D492541E280D25D000E98E9F /* SignInViewController.xib */; };
		D4E5F4EA280FD40100AA4C11 /* buttonColor.xcassets in Resources */ = {isa = PBXBuildFile; fileRef = D4E5F4E9280FD40100AA4C11 /* buttonColor.xcassets */; };
		D4E5F4F028109CF100AA4C11 /* ResetViewController.swift in Sources */ = {isa = PBXBuildFile; fileRef = D4E5F4EE28109CF100AA4C11 /* ResetViewController.swift */; };
		D4E5F4F128109CF100AA4C11 /* ResetViewController.xib in Resources */ = {isa = PBXBuildFile; fileRef = D4E5F4EF28109CF100AA4C11 /* ResetViewController.xib */; };
		D4E5F4F62810A84D00AA4C11 /* VerifyViewController.swift in Sources */ = {isa = PBXBuildFile; fileRef = D4E5F4F42810A84D00AA4C11 /* VerifyViewController.swift */; };
		D4E5F4F72810A84D00AA4C11 /* VerifyViewController.xib in Resources */ = {isa = PBXBuildFile; fileRef = D4E5F4F52810A84D00AA4C11 /* VerifyViewController.xib */; };
		D4E5F4FC2810B3BA00AA4C11 /* NewPasswordViewController.swift in Sources */ = {isa = PBXBuildFile; fileRef = D4E5F4FA2810B3BA00AA4C11 /* NewPasswordViewController.swift */; };
		D4E5F4FD2810B3BA00AA4C11 /* NewPasswordViewController.xib in Resources */ = {isa = PBXBuildFile; fileRef = D4E5F4FB2810B3BA00AA4C11 /* NewPasswordViewController.xib */; };
		D4E5F50E2810C8D900AA4C11 /* LogoColor.xcassets in Resources */ = {isa = PBXBuildFile; fileRef = D4E5F50D2810C8D900AA4C11 /* LogoColor.xcassets */; };
		D4E5F51E2813492400AA4C11 /* CategoryTVC.swift in Sources */ = {isa = PBXBuildFile; fileRef = D4E5F51C2813492400AA4C11 /* CategoryTVC.swift */; };
		D4E5F51F2813492400AA4C11 /* CategoryTVC.xib in Resources */ = {isa = PBXBuildFile; fileRef = D4E5F51D2813492400AA4C11 /* CategoryTVC.xib */; };
		D4E5F5242813520D00AA4C11 /* CatCollectionViewCell.swift in Sources */ = {isa = PBXBuildFile; fileRef = D4E5F5222813520D00AA4C11 /* CatCollectionViewCell.swift */; };
		D4E5F5252813520D00AA4C11 /* CatCollectionViewCell.xib in Resources */ = {isa = PBXBuildFile; fileRef = D4E5F5232813520D00AA4C11 /* CatCollectionViewCell.xib */; };
		D4E5F529281357F900AA4C11 /* Data.swift in Sources */ = {isa = PBXBuildFile; fileRef = D4E5F528281357F900AA4C11 /* Data.swift */; };
		D4E5F52D2814A66A00AA4C11 /* TopViewController.swift in Sources */ = {isa = PBXBuildFile; fileRef = D4E5F52B2814A66A00AA4C11 /* TopViewController.swift */; };
		D4E5F52E2814A66A00AA4C11 /* TopViewController.xib in Resources */ = {isa = PBXBuildFile; fileRef = D4E5F52C2814A66A00AA4C11 /* TopViewController.xib */; };
/* End PBXBuildFile section */

/* Begin PBXFileReference section */
		86164F50614177F03DA396DF /* Pods_DailyNews.framework */ = {isa = PBXFileReference; explicitFileType = wrapper.framework; includeInIndex = 0; path = Pods_DailyNews.framework; sourceTree = BUILT_PRODUCTS_DIR; };
		C54F2D0FC947E98FDE0AF680 /* Pods-DailyNews.release.xcconfig */ = {isa = PBXFileReference; includeInIndex = 1; lastKnownFileType = text.xcconfig; name = "Pods-DailyNews.release.xcconfig"; path = "Target Support Files/Pods-DailyNews/Pods-DailyNews.release.xcconfig"; sourceTree = "<group>"; };
		D49253E1280AF0BD00E98E9F /* DailyNews.app */ = {isa = PBXFileReference; explicitFileType = wrapper.application; includeInIndex = 0; path = DailyNews.app; sourceTree = BUILT_PRODUCTS_DIR; };
		D49253E4280AF0BD00E98E9F /* AppDelegate.swift */ = {isa = PBXFileReference; lastKnownFileType = sourcecode.swift; path = AppDelegate.swift; sourceTree = "<group>"; };
		D49253ED280AF0CA00E98E9F /* Assets.xcassets */ = {isa = PBXFileReference; lastKnownFileType = folder.assetcatalog; path = Assets.xcassets; sourceTree = "<group>"; };
		D49253F0280AF0CA00E98E9F /* Base */ = {isa = PBXFileReference; lastKnownFileType = file.storyboard; name = Base; path = Base.lproj/LaunchScreen.storyboard; sourceTree = "<group>"; };
		D49253F2280AF0CA00E98E9F /* Info.plist */ = {isa = PBXFileReference; lastKnownFileType = text.plist.xml; path = Info.plist; sourceTree = "<group>"; };
		D49253FA280AF12400E98E9F /* SignUpViewController.swift */ = {isa = PBXFileReference; lastKnownFileType = sourcecode.swift; path = SignUpViewController.swift; sourceTree = "<group>"; };
		D49253FB280AF12400E98E9F /* SignUpViewController.xib */ = {isa = PBXFileReference; lastKnownFileType = file.xib; path = SignUpViewController.xib; sourceTree = "<group>"; };
		D4925403280AF40800E98E9F /* MainTBC.swift */ = {isa = PBXFileReference; lastKnownFileType = sourcecode.swift; path = MainTBC.swift; sourceTree = "<group>"; };
		D4925407280AF45500E98E9F /* HomeViewController.swift */ = {isa = PBXFileReference; lastKnownFileType = sourcecode.swift; path = HomeViewController.swift; sourceTree = "<group>"; };
		D4925408280AF45500E98E9F /* HomeViewController.xib */ = {isa = PBXFileReference; lastKnownFileType = file.xib; path = HomeViewController.xib; sourceTree = "<group>"; };
		D492540C280AF46F00E98E9F /* SearchViewController.swift */ = {isa = PBXFileReference; lastKnownFileType = sourcecode.swift; path = SearchViewController.swift; sourceTree = "<group>"; };
		D492540D280AF46F00E98E9F /* SearchViewController.xib */ = {isa = PBXFileReference; lastKnownFileType = file.xib; path = SearchViewController.xib; sourceTree = "<group>"; };
		D4925411280AF48A00E98E9F /* BookmarkViewController.swift */ = {isa = PBXFileReference; lastKnownFileType = sourcecode.swift; path = BookmarkViewController.swift; sourceTree = "<group>"; };
		D4925412280AF48A00E98E9F /* BookmarkViewController.xib */ = {isa = PBXFileReference; lastKnownFileType = file.xib; path = BookmarkViewController.xib; sourceTree = "<group>"; };
		D4925416280AF49B00E98E9F /* SettingsViewController.swift */ = {isa = PBXFileReference; lastKnownFileType = sourcecode.swift; path = SettingsViewController.swift; sourceTree = "<group>"; };
		D4925417280AF49B00E98E9F /* SettingsViewController.xib */ = {isa = PBXFileReference; lastKnownFileType = file.xib; path = SettingsViewController.xib; sourceTree = "<group>"; };
		D492541D280D25D000E98E9F /* SignInViewController.swift */ = {isa = PBXFileReference; lastKnownFileType = sourcecode.swift; path = SignInViewController.swift; sourceTree = "<group>"; };
		D492541E280D25D000E98E9F /* SignInViewController.xib */ = {isa = PBXFileReference; lastKnownFileType = file.xib; path = SignInViewController.xib; sourceTree = "<group>"; };
		D4E5F4E9280FD40100AA4C11 /* buttonColor.xcassets */ = {isa = PBXFileReference; lastKnownFileType = folder.assetcatalog; path = buttonColor.xcassets; sourceTree = "<group>"; };
		D4E5F4EE28109CF100AA4C11 /* ResetViewController.swift */ = {isa = PBXFileReference; lastKnownFileType = sourcecode.swift; path = ResetViewController.swift; sourceTree = "<group>"; };
		D4E5F4EF28109CF100AA4C11 /* ResetViewController.xib */ = {isa = PBXFileReference; lastKnownFileType = file.xib; path = ResetViewController.xib; sourceTree = "<group>"; };
		D4E5F4F42810A84D00AA4C11 /* VerifyViewController.swift */ = {isa = PBXFileReference; lastKnownFileType = sourcecode.swift; path = VerifyViewController.swift; sourceTree = "<group>"; };
		D4E5F4F52810A84D00AA4C11 /* VerifyViewController.xib */ = {isa = PBXFileReference; lastKnownFileType = file.xib; path = VerifyViewController.xib; sourceTree = "<group>"; };
		D4E5F4FA2810B3BA00AA4C11 /* NewPasswordViewController.swift */ = {isa = PBXFileReference; lastKnownFileType = sourcecode.swift; path = NewPasswordViewController.swift; sourceTree = "<group>"; };
		D4E5F4FB2810B3BA00AA4C11 /* NewPasswordViewController.xib */ = {isa = PBXFileReference; lastKnownFileType = file.xib; path = NewPasswordViewController.xib; sourceTree = "<group>"; };
		D4E5F50D2810C8D900AA4C11 /* LogoColor.xcassets */ = {isa = PBXFileReference; lastKnownFileType = folder.assetcatalog; path = LogoColor.xcassets; sourceTree = "<group>"; };
		D4E5F51C2813492400AA4C11 /* CategoryTVC.swift */ = {isa = PBXFileReference; lastKnownFileType = sourcecode.swift; path = CategoryTVC.swift; sourceTree = "<group>"; };
		D4E5F51D2813492400AA4C11 /* CategoryTVC.xib */ = {isa = PBXFileReference; lastKnownFileType = file.xib; path = CategoryTVC.xib; sourceTree = "<group>"; };
		D4E5F5222813520D00AA4C11 /* CatCollectionViewCell.swift */ = {isa = PBXFileReference; lastKnownFileType = sourcecode.swift; path = CatCollectionViewCell.swift; sourceTree = "<group>"; };
		D4E5F5232813520D00AA4C11 /* CatCollectionViewCell.xib */ = {isa = PBXFileReference; lastKnownFileType = file.xib; path = CatCollectionViewCell.xib; sourceTree = "<group>"; };
		D4E5F528281357F900AA4C11 /* Data.swift */ = {isa = PBXFileReference; lastKnownFileType = sourcecode.swift; path = Data.swift; sourceTree = "<group>"; };
		D4E5F52B2814A66A00AA4C11 /* TopViewController.swift */ = {isa = PBXFileReference; lastKnownFileType = sourcecode.swift; path = TopViewController.swift; sourceTree = "<group>"; };
		D4E5F52C2814A66A00AA4C11 /* TopViewController.xib */ = {isa = PBXFileReference; lastKnownFileType = file.xib; path = TopViewController.xib; sourceTree = "<group>"; };
		D8EE9E88F29AD309E5BFACF6 /* Pods-DailyNews.debug.xcconfig */ = {isa = PBXFileReference; includeInIndex = 1; lastKnownFileType = text.xcconfig; name = "Pods-DailyNews.debug.xcconfig"; path = "Target Support Files/Pods-DailyNews/Pods-DailyNews.debug.xcconfig"; sourceTree = "<group>"; };
/* End PBXFileReference section */

/* Begin PBXFrameworksBuildPhase section */
		D49253DE280AF0BD00E98E9F /* Frameworks */ = {
			isa = PBXFrameworksBuildPhase;
			buildActionMask = 2147483647;
			files = (
				6A83E12DE23EC10BD0FF28B6 /* Pods_DailyNews.framework in Frameworks */,
			);
			runOnlyForDeploymentPostprocessing = 0;
		};
/* End PBXFrameworksBuildPhase section */

/* Begin PBXGroup section */
		070915B63E5514694AA2B7F6 /* Pods */ = {
			isa = PBXGroup;
			children = (
				D8EE9E88F29AD309E5BFACF6 /* Pods-DailyNews.debug.xcconfig */,
				C54F2D0FC947E98FDE0AF680 /* Pods-DailyNews.release.xcconfig */,
			);
			path = Pods;
			sourceTree = "<group>";
		};
		6AB55EAF5F661E38396B83D7 /* Frameworks */ = {
			isa = PBXGroup;
			children = (
				86164F50614177F03DA396DF /* Pods_DailyNews.framework */,
			);
			name = Frameworks;
			sourceTree = "<group>";
		};
		D49253D8280AF0BD00E98E9F = {
			isa = PBXGroup;
			children = (
				D49253E3280AF0BD00E98E9F /* DailyNews */,
				D49253E2280AF0BD00E98E9F /* Products */,
				070915B63E5514694AA2B7F6 /* Pods */,
				6AB55EAF5F661E38396B83D7 /* Frameworks */,
			);
			sourceTree = "<group>";
		};
		D49253E2280AF0BD00E98E9F /* Products */ = {
			isa = PBXGroup;
			children = (
				D49253E1280AF0BD00E98E9F /* DailyNews.app */,
			);
			name = Products;
			sourceTree = "<group>";
		};
		D49253E3280AF0BD00E98E9F /* DailyNews */ = {
			isa = PBXGroup;
			children = (
				D4E5F4E8280FD3DC00AA4C11 /* Extra */,
				D4E5F4ED28109C9100AA4C11 /* Model */,
				D4E5F4EC28109C4900AA4C11 /* View */,
				D49253F9280AF10B00E98E9F /* Controllers */,
				D49253E4280AF0BD00E98E9F /* AppDelegate.swift */,
				D49253ED280AF0CA00E98E9F /* Assets.xcassets */,
				D49253EF280AF0CA00E98E9F /* LaunchScreen.storyboard */,
				D49253F2280AF0CA00E98E9F /* Info.plist */,
			);
			path = DailyNews;
			sourceTree = "<group>";
		};
		D49253F9280AF10B00E98E9F /* Controllers */ = {
			isa = PBXGroup;
			children = (
				D4E5F5132813484F00AA4C11 /* CollectionCell */,
				D4E5F5122813484500AA4C11 /* TableCell */,
				D4925401280AF33700E98E9F /* Tabbar */,
				D4E5F5012810C29E00AA4C11 /* Register */,
				D4E5F52B2814A66A00AA4C11 /* TopViewController.swift */,
			);
			path = Controllers;
			sourceTree = "<group>";
		};
		D4925401280AF33700E98E9F /* Tabbar */ = {
			isa = PBXGroup;
			children = (
				D4925402280AF34400E98E9F /* TabbarControllers */,
				D4925403280AF40800E98E9F /* MainTBC.swift */,
			);
			path = Tabbar;
			sourceTree = "<group>";
		};
		D4925402280AF34400E98E9F /* TabbarControllers */ = {
			isa = PBXGroup;
			children = (
				D4925407280AF45500E98E9F /* HomeViewController.swift */,
				D492540C280AF46F00E98E9F /* SearchViewController.swift */,
				D4925411280AF48A00E98E9F /* BookmarkViewController.swift */,
				D4925416280AF49B00E98E9F /* SettingsViewController.swift */,
			);
			path = TabbarControllers;
			sourceTree = "<group>";
		};
		D4E5F4E8280FD3DC00AA4C11 /* Extra */ = {
			isa = PBXGroup;
			children = (
				D4E5F4E9280FD40100AA4C11 /* buttonColor.xcassets */,
				D4E5F50D2810C8D900AA4C11 /* LogoColor.xcassets */,
			);
			path = Extra;
			sourceTree = "<group>";
		};
		D4E5F4EC28109C4900AA4C11 /* View */ = {
			isa = PBXGroup;
			children = (
				D4E5F52C2814A66A00AA4C11 /* TopViewController.xib */,
				D4E5F5112813483A00AA4C11 /* CollectionCell */,
				D4E5F5102813482300AA4C11 /* TableCell */,
				D4E5F50C2810C7FF00AA4C11 /* Tabbar */,
				D4E5F5002810C28F00AA4C11 /* Register */,
			);
			path = View;
			sourceTree = "<group>";
		};
		D4E5F4ED28109C9100AA4C11 /* Model */ = {
			isa = PBXGroup;
			children = (
				D4E5F528281357F900AA4C11 /* Data.swift */,
			);
			path = Model;
			sourceTree = "<group>";
		};
		D4E5F5002810C28F00AA4C11 /* Register */ = {
			isa = PBXGroup;
			children = (
				D492541E280D25D000E98E9F /* SignInViewController.xib */,
				D49253FB280AF12400E98E9F /* SignUpViewController.xib */,
				D4E5F4EF28109CF100AA4C11 /* ResetViewController.xib */,
				D4E5F4F52810A84D00AA4C11 /* VerifyViewController.xib */,
				D4E5F4FB2810B3BA00AA4C11 /* NewPasswordViewController.xib */,
			);
			path = Register;
			sourceTree = "<group>";
		};
		D4E5F5012810C29E00AA4C11 /* Register */ = {
			isa = PBXGroup;
			children = (
				D492541D280D25D000E98E9F /* SignInViewController.swift */,
				D49253FA280AF12400E98E9F /* SignUpViewController.swift */,
				D4E5F4EE28109CF100AA4C11 /* ResetViewController.swift */,
				D4E5F4F42810A84D00AA4C11 /* VerifyViewController.swift */,
				D4E5F4FA2810B3BA00AA4C11 /* NewPasswordViewController.swift */,
			);
			path = Register;
			sourceTree = "<group>";
		};
		D4E5F50C2810C7FF00AA4C11 /* Tabbar */ = {
			isa = PBXGroup;
			children = (
				D4925408280AF45500E98E9F /* HomeViewController.xib */,
				D492540D280AF46F00E98E9F /* SearchViewController.xib */,
				D4925412280AF48A00E98E9F /* BookmarkViewController.xib */,
				D4925417280AF49B00E98E9F /* SettingsViewController.xib */,
			);
			path = Tabbar;
			sourceTree = "<group>";
		};
		D4E5F5102813482300AA4C11 /* TableCell */ = {
			isa = PBXGroup;
			children = (
				D4E5F51D2813492400AA4C11 /* CategoryTVC.xib */,
			);
			path = TableCell;
			sourceTree = "<group>";
		};
		D4E5F5112813483A00AA4C11 /* CollectionCell */ = {
			isa = PBXGroup;
			children = (
				D4E5F5232813520D00AA4C11 /* CatCollectionViewCell.xib */,
			);
			path = CollectionCell;
			sourceTree = "<group>";
		};
		D4E5F5122813484500AA4C11 /* TableCell */ = {
			isa = PBXGroup;
			children = (
				D4E5F51C2813492400AA4C11 /* CategoryTVC.swift */,
			);
			path = TableCell;
			sourceTree = "<group>";
		};
		D4E5F5132813484F00AA4C11 /* CollectionCell */ = {
			isa = PBXGroup;
			children = (
				D4E5F5222813520D00AA4C11 /* CatCollectionViewCell.swift */,
			);
			path = CollectionCell;
			sourceTree = "<group>";
		};
/* End PBXGroup section */

/* Begin PBXNativeTarget section */
		D49253E0280AF0BD00E98E9F /* DailyNews */ = {
			isa = PBXNativeTarget;
			buildConfigurationList = D49253F5280AF0CA00E98E9F /* Build configuration list for PBXNativeTarget "DailyNews" */;
			buildPhases = (
				F6034052BDD51673D91C6A14 /* [CP] Check Pods Manifest.lock */,
				D49253DD280AF0BD00E98E9F /* Sources */,
				D49253DE280AF0BD00E98E9F /* Frameworks */,
				D49253DF280AF0BD00E98E9F /* Resources */,
				795F81331B84D808E49618A9 /* [CP] Embed Pods Frameworks */,
			);
			buildRules = (
			);
			dependencies = (
			);
			name = DailyNews;
			productName = DailyNews;
			productReference = D49253E1280AF0BD00E98E9F /* DailyNews.app */;
			productType = "com.apple.product-type.application";
		};
/* End PBXNativeTarget section */

/* Begin PBXProject section */
		D49253D9280AF0BD00E98E9F /* Project object */ = {
			isa = PBXProject;
			attributes = {
				LastSwiftUpdateCheck = 1240;
				LastUpgradeCheck = 1240;
				TargetAttributes = {
					D49253E0280AF0BD00E98E9F = {
						CreatedOnToolsVersion = 12.4;
					};
				};
			};
			buildConfigurationList = D49253DC280AF0BD00E98E9F /* Build configuration list for PBXProject "DailyNews" */;
			compatibilityVersion = "Xcode 9.3";
			developmentRegion = en;
			hasScannedForEncodings = 0;
			knownRegions = (
				en,
				Base,
			);
			mainGroup = D49253D8280AF0BD00E98E9F;
			productRefGroup = D49253E2280AF0BD00E98E9F /* Products */;
			projectDirPath = "";
			projectRoot = "";
			targets = (
				D49253E0280AF0BD00E98E9F /* DailyNews */,
			);
		};
/* End PBXProject section */

/* Begin PBXResourcesBuildPhase section */
		D49253DF280AF0BD00E98E9F /* Resources */ = {
			isa = PBXResourcesBuildPhase;
			buildActionMask = 2147483647;
			files = (
				D4925420280D25D000E98E9F /* SignInViewController.xib in Resources */,
				D49253F1280AF0CA00E98E9F /* LaunchScreen.storyboard in Resources */,
				D4E5F4FD2810B3BA00AA4C11 /* NewPasswordViewController.xib in Resources */,
				D492540F280AF46F00E98E9F /* SearchViewController.xib in Resources */,
				D4925414280AF48A00E98E9F /* BookmarkViewController.xib in Resources */,
				D49253EE280AF0CA00E98E9F /* Assets.xcassets in Resources */,
				D49253FD280AF12400E98E9F /* SignUpViewController.xib in Resources */,
				D4E5F4F128109CF100AA4C11 /* ResetViewController.xib in Resources */,
				D4E5F52E2814A66A00AA4C11 /* TopViewController.xib in Resources */,
				D4E5F50E2810C8D900AA4C11 /* LogoColor.xcassets in Resources */,
				D4E5F51F2813492400AA4C11 /* CategoryTVC.xib in Resources */,
				D4925419280AF49B00E98E9F /* SettingsViewController.xib in Resources */,
				D492540A280AF45500E98E9F /* HomeViewController.xib in Resources */,
				D4E5F5252813520D00AA4C11 /* CatCollectionViewCell.xib in Resources */,
				D4E5F4EA280FD40100AA4C11 /* buttonColor.xcassets in Resources */,
				D4E5F4F72810A84D00AA4C11 /* VerifyViewController.xib in Resources */,
			);
			runOnlyForDeploymentPostprocessing = 0;
		};
/* End PBXResourcesBuildPhase section */

/* Begin PBXShellScriptBuildPhase section */
		795F81331B84D808E49618A9 /* [CP] Embed Pods Frameworks */ = {
			isa = PBXShellScriptBuildPhase;
			buildActionMask = 2147483647;
			files = (
			);
			inputFileListPaths = (
				"${PODS_ROOT}/Target Support Files/Pods-DailyNews/Pods-DailyNews-frameworks-${CONFIGURATION}-input-files.xcfilelist",
			);
			name = "[CP] Embed Pods Frameworks";
			outputFileListPaths = (
				"${PODS_ROOT}/Target Support Files/Pods-DailyNews/Pods-DailyNews-frameworks-${CONFIGURATION}-output-files.xcfilelist",
			);
			runOnlyForDeploymentPostprocessing = 0;
			shellPath = /bin/sh;
			shellScript = "\"${PODS_ROOT}/Target Support Files/Pods-DailyNews/Pods-DailyNews-frameworks.sh\"\n";
			showEnvVarsInLog = 0;
		};
		F6034052BDD51673D91C6A14 /* [CP] Check Pods Manifest.lock */ = {
			isa = PBXShellScriptBuildPhase;
			buildActionMask = 2147483647;
			files = (
			);
			inputFileListPaths = (
			);
			inputPaths = (
				"${PODS_PODFILE_DIR_PATH}/Podfile.lock",
				"${PODS_ROOT}/Manifest.lock",
			);
			name = "[CP] Check Pods Manifest.lock";
			outputFileListPaths = (
			);
			outputPaths = (
				"$(DERIVED_FILE_DIR)/Pods-DailyNews-checkManifestLockResult.txt",
			);
			runOnlyForDeploymentPostprocessing = 0;
			shellPath = /bin/sh;
			shellScript = "diff \"${PODS_PODFILE_DIR_PATH}/Podfile.lock\" \"${PODS_ROOT}/Manifest.lock\" > /dev/null\nif [ $? != 0 ] ; then\n    # print error to STDERR\n    echo \"error: The sandbox is not in sync with the Podfile.lock. Run 'pod install' or update your CocoaPods installation.\" >&2\n    exit 1\nfi\n# This output is used by Xcode 'outputs' to avoid re-running this script phase.\necho \"SUCCESS\" > \"${SCRIPT_OUTPUT_FILE_0}\"\n";
			showEnvVarsInLog = 0;
		};
/* End PBXShellScriptBuildPhase section */

/* Begin PBXSourcesBuildPhase section */
		D49253DD280AF0BD00E98E9F /* Sources */ = {
			isa = PBXSourcesBuildPhase;
			buildActionMask = 2147483647;
			files = (
				D49253E5280AF0BD00E98E9F /* AppDelegate.swift in Sources */,
				D4E5F4F028109CF100AA4C11 /* ResetViewController.swift in Sources */,
				D492540E280AF46F00E98E9F /* SearchViewController.swift in Sources */,
				D4E5F5242813520D00AA4C11 /* CatCollectionViewCell.swift in Sources */,
				D4E5F4F62810A84D00AA4C11 /* VerifyViewController.swift in Sources */,
				D4925418280AF49B00E98E9F /* SettingsViewController.swift in Sources */,
				D4E5F4FC2810B3BA00AA4C11 /* NewPasswordViewController.swift in Sources */,
				D4E5F529281357F900AA4C11 /* Data.swift in Sources */,
				D49253FC280AF12400E98E9F /* SignUpViewController.swift in Sources */,
				D4E5F52D2814A66A00AA4C11 /* TopViewController.swift in Sources */,
				D492541F280D25D000E98E9F /* SignInViewController.swift in Sources */,
				D4925404280AF40800E98E9F /* MainTBC.swift in Sources */,
				D4925413280AF48A00E98E9F /* BookmarkViewController.swift in Sources */,
				D4925409280AF45500E98E9F /* HomeViewController.swift in Sources */,
				D4E5F51E2813492400AA4C11 /* CategoryTVC.swift in Sources */,
			);
			runOnlyForDeploymentPostprocessing = 0;
		};
/* End PBXSourcesBuildPhase section */

/* Begin PBXVariantGroup section */
		D49253EF280AF0CA00E98E9F /* LaunchScreen.storyboard */ = {
			isa = PBXVariantGroup;
			children = (
				D49253F0280AF0CA00E98E9F /* Base */,
			);
			name = LaunchScreen.storyboard;
			sourceTree = "<group>";
		};
/* End PBXVariantGroup section */

/* Begin XCBuildConfiguration section */
		D49253F3280AF0CA00E98E9F /* Debug */ = {
			isa = XCBuildConfiguration;
			buildSettings = {
				ALWAYS_SEARCH_USER_PATHS = NO;
				CLANG_ANALYZER_NONNULL = YES;
				CLANG_ANALYZER_NUMBER_OBJECT_CONVERSION = YES_AGGRESSIVE;
				CLANG_CXX_LANGUAGE_STANDARD = "gnu++14";
				CLANG_CXX_LIBRARY = "libc++";
				CLANG_ENABLE_MODULES = YES;
				CLANG_ENABLE_OBJC_ARC = YES;
				CLANG_ENABLE_OBJC_WEAK = YES;
				CLANG_WARN_BLOCK_CAPTURE_AUTORELEASING = YES;
				CLANG_WARN_BOOL_CONVERSION = YES;
				CLANG_WARN_COMMA = YES;
				CLANG_WARN_CONSTANT_CONVERSION = YES;
				CLANG_WARN_DEPRECATED_OBJC_IMPLEMENTATIONS = YES;
				CLANG_WARN_DIRECT_OBJC_ISA_USAGE = YES_ERROR;
				CLANG_WARN_DOCUMENTATION_COMMENTS = YES;
				CLANG_WARN_EMPTY_BODY = YES;
				CLANG_WARN_ENUM_CONVERSION = YES;
				CLANG_WARN_INFINITE_RECURSION = YES;
				CLANG_WARN_INT_CONVERSION = YES;
				CLANG_WARN_NON_LITERAL_NULL_CONVERSION = YES;
				CLANG_WARN_OBJC_IMPLICIT_RETAIN_SELF = YES;
				CLANG_WARN_OBJC_LITERAL_CONVERSION = YES;
				CLANG_WARN_OBJC_ROOT_CLASS = YES_ERROR;
				CLANG_WARN_QUOTED_INCLUDE_IN_FRAMEWORK_HEADER = YES;
				CLANG_WARN_RANGE_LOOP_ANALYSIS = YES;
				CLANG_WARN_STRICT_PROTOTYPES = YES;
				CLANG_WARN_SUSPICIOUS_MOVE = YES;
				CLANG_WARN_UNGUARDED_AVAILABILITY = YES_AGGRESSIVE;
				CLANG_WARN_UNREACHABLE_CODE = YES;
				CLANG_WARN__DUPLICATE_METHOD_MATCH = YES;
				COPY_PHASE_STRIP = NO;
				DEBUG_INFORMATION_FORMAT = dwarf;
				ENABLE_STRICT_OBJC_MSGSEND = YES;
				ENABLE_TESTABILITY = YES;
				GCC_C_LANGUAGE_STANDARD = gnu11;
				GCC_DYNAMIC_NO_PIC = NO;
				GCC_NO_COMMON_BLOCKS = YES;
				GCC_OPTIMIZATION_LEVEL = 0;
				GCC_PREPROCESSOR_DEFINITIONS = (
					"DEBUG=1",
					"$(inherited)",
				);
				GCC_WARN_64_TO_32_BIT_CONVERSION = YES;
				GCC_WARN_ABOUT_RETURN_TYPE = YES_ERROR;
				GCC_WARN_UNDECLARED_SELECTOR = YES;
				GCC_WARN_UNINITIALIZED_AUTOS = YES_AGGRESSIVE;
				GCC_WARN_UNUSED_FUNCTION = YES;
				GCC_WARN_UNUSED_VARIABLE = YES;
				IPHONEOS_DEPLOYMENT_TARGET = 14.4;
				MTL_ENABLE_DEBUG_INFO = INCLUDE_SOURCE;
				MTL_FAST_MATH = YES;
				ONLY_ACTIVE_ARCH = YES;
				SDKROOT = iphoneos;
				SWIFT_ACTIVE_COMPILATION_CONDITIONS = DEBUG;
				SWIFT_OPTIMIZATION_LEVEL = "-Onone";
			};
			name = Debug;
		};
		D49253F4280AF0CA00E98E9F /* Release */ = {
			isa = XCBuildConfiguration;
			buildSettings = {
				ALWAYS_SEARCH_USER_PATHS = NO;
				CLANG_ANALYZER_NONNULL = YES;
				CLANG_ANALYZER_NUMBER_OBJECT_CONVERSION = YES_AGGRESSIVE;
				CLANG_CXX_LANGUAGE_STANDARD = "gnu++14";
				CLANG_CXX_LIBRARY = "libc++";
				CLANG_ENABLE_MODULES = YES;
				CLANG_ENABLE_OBJC_ARC = YES;
				CLANG_ENABLE_OBJC_WEAK = YES;
				CLANG_WARN_BLOCK_CAPTURE_AUTORELEASING = YES;
				CLANG_WARN_BOOL_CONVERSION = YES;
				CLANG_WARN_COMMA = YES;
				CLANG_WARN_CONSTANT_CONVERSION = YES;
				CLANG_WARN_DEPRECATED_OBJC_IMPLEMENTATIONS = YES;
				CLANG_WARN_DIRECT_OBJC_ISA_USAGE = YES_ERROR;
				CLANG_WARN_DOCUMENTATION_COMMENTS = YES;
				CLANG_WARN_EMPTY_BODY = YES;
				CLANG_WARN_ENUM_CONVERSION = YES;
				CLANG_WARN_INFINITE_RECURSION = YES;
				CLANG_WARN_INT_CONVERSION = YES;
				CLANG_WARN_NON_LITERAL_NULL_CONVERSION = YES;
				CLANG_WARN_OBJC_IMPLICIT_RETAIN_SELF = YES;
				CLANG_WARN_OBJC_LITERAL_CONVERSION = YES;
				CLANG_WARN_OBJC_ROOT_CLASS = YES_ERROR;
				CLANG_WARN_QUOTED_INCLUDE_IN_FRAMEWORK_HEADER = YES;
				CLANG_WARN_RANGE_LOOP_ANALYSIS = YES;
				CLANG_WARN_STRICT_PROTOTYPES = YES;
				CLANG_WARN_SUSPICIOUS_MOVE = YES;
				CLANG_WARN_UNGUARDED_AVAILABILITY = YES_AGGRESSIVE;
				CLANG_WARN_UNREACHABLE_CODE = YES;
				CLANG_WARN__DUPLICATE_METHOD_MATCH = YES;
				COPY_PHASE_STRIP = NO;
				DEBUG_INFORMATION_FORMAT = "dwarf-with-dsym";
				ENABLE_NS_ASSERTIONS = NO;
				ENABLE_STRICT_OBJC_MSGSEND = YES;
				GCC_C_LANGUAGE_STANDARD = gnu11;
				GCC_NO_COMMON_BLOCKS = YES;
				GCC_WARN_64_TO_32_BIT_CONVERSION = YES;
				GCC_WARN_ABOUT_RETURN_TYPE = YES_ERROR;
				GCC_WARN_UNDECLARED_SELECTOR = YES;
				GCC_WARN_UNINITIALIZED_AUTOS = YES_AGGRESSIVE;
				GCC_WARN_UNUSED_FUNCTION = YES;
				GCC_WARN_UNUSED_VARIABLE = YES;
				IPHONEOS_DEPLOYMENT_TARGET = 14.4;
				MTL_ENABLE_DEBUG_INFO = NO;
				MTL_FAST_MATH = YES;
				SDKROOT = iphoneos;
				SWIFT_COMPILATION_MODE = wholemodule;
				SWIFT_OPTIMIZATION_LEVEL = "-O";
				VALIDATE_PRODUCT = YES;
			};
			name = Release;
		};
		D49253F6280AF0CA00E98E9F /* Debug */ = {
			isa = XCBuildConfiguration;
			baseConfigurationReference = D8EE9E88F29AD309E5BFACF6 /* Pods-DailyNews.debug.xcconfig */;
			buildSettings = {
				ASSETCATALOG_COMPILER_APPICON_NAME = AppIcon;
				ASSETCATALOG_COMPILER_GLOBAL_ACCENT_COLOR_NAME = AccentColor;
				CODE_SIGN_STYLE = Automatic;
				DEVELOPMENT_TEAM = HFBB6GBVXZ;
				INFOPLIST_FILE = DailyNews/Info.plist;
				LD_RUNPATH_SEARCH_PATHS = (
					"$(inherited)",
					"@executable_path/Frameworks",
				);
				PRODUCT_BUNDLE_IDENTIFIER = Time.DailyNews;
				PRODUCT_NAME = "$(TARGET_NAME)";
				SWIFT_VERSION = 5.0;
				TARGETED_DEVICE_FAMILY = "1,2";
			};
			name = Debug;
		};
		D49253F7280AF0CA00E98E9F /* Release */ = {
			isa = XCBuildConfiguration;
			baseConfigurationReference = C54F2D0FC947E98FDE0AF680 /* Pods-DailyNews.release.xcconfig */;
			buildSettings = {
				ASSETCATALOG_COMPILER_APPICON_NAME = AppIcon;
				ASSETCATALOG_COMPILER_GLOBAL_ACCENT_COLOR_NAME = AccentColor;
				CODE_SIGN_STYLE = Automatic;
				DEVELOPMENT_TEAM = HFBB6GBVXZ;
				INFOPLIST_FILE = DailyNews/Info.plist;
				LD_RUNPATH_SEARCH_PATHS = (
					"$(inherited)",
					"@executable_path/Frameworks",
				);
				PRODUCT_BUNDLE_IDENTIFIER = Time.DailyNews;
				PRODUCT_NAME = "$(TARGET_NAME)";
				SWIFT_VERSION = 5.0;
				TARGETED_DEVICE_FAMILY = "1,2";
			};
			name = Release;
		};
/* End XCBuildConfiguration section */

/* Begin XCConfigurationList section */
		D49253DC280AF0BD00E98E9F /* Build configuration list for PBXProject "DailyNews" */ = {
			isa = XCConfigurationList;
			buildConfigurations = (
				D49253F3280AF0CA00E98E9F /* Debug */,
				D49253F4280AF0CA00E98E9F /* Release */,
			);
			defaultConfigurationIsVisible = 0;
			defaultConfigurationName = Release;
		};
		D49253F5280AF0CA00E98E9F /* Build configuration list for PBXNativeTarget "DailyNews" */ = {
			isa = XCConfigurationList;
			buildConfigurations = (
				D49253F6280AF0CA00E98E9F /* Debug */,
				D49253F7280AF0CA00E98E9F /* Release */,
			);
			defaultConfigurationIsVisible = 0;
			defaultConfigurationName = Release;
		};
/* End XCConfigurationList section */
	};
	rootObject = D49253D9280AF0BD00E98E9F /* Project object */;
}
